# This file is automatically @generated by Cargo.
# It is not intended for manual editing.
version = 4

[[package]]
name = "ruse-core"
version = "0.0.0"

[[package]]
name = "ruse-gui"
version = "0.0.0"

[[package]]
name = "ruse-plugin-protocol"
version = "0.0.0"

[[package]]
name = "ruse-remote-agent"
version = "0.0.0"

[[package]]
name = "ruse-render-model"
version = "0.0.0"

[[package]]
name = "ruse-terminal"
version = "0.0.0"

[[package]]
name = "ruse-tui"
version = "0.0.0"

[[package]]
name = "ruse-workspace"
version = "0.0.0"

[[package]]
name = "ruse-workspace-runtime"
version = "0.0.0"
